# Lockfile v4
# This file is automatically generated by Wapm.
# It is not intended for manual editing. The schema of this file may change.
[modules."nithishbn/MotifFinder"."0.1.0".motif_finder]
name = "motif_finder"
package_version = "0.1.0"
package_name = "nithishbn/MotifFinder"
package_path = "nithishbn/MotifFinder@0.1.0"
resolved = "local"
resolved_source = "local"
abi = "wasi"
source = "target/wasm32-wasi/release/motif_finder.wasm"
[modules."nithishbn/motif_finder"."0.1.6".motif_finder]
name = "motif_finder"
package_version = "0.1.6"
package_name = "nithishbn/motif_finder"
package_path = "nithishbn/motif_finder@0.1.6"
resolved = "https://registry-cdn.wapm.io/packages/nithishbn/motif_finder/motif_finder-0.1.6-419f475e-c311-4afe-ad3d-6680db9c69f6.tar.gz"
resolved_source = "registry+motif_finder"
abi = "wasi"
source = "motif_finder.wasm"
[commands.motif_finder]
name = "motif_finder"
package_name = "nithishbn/MotifFinder"
package_version = "0.1.0"
module = "motif_finder"
is_top_level_dependency = true
